
Microsoft Visual Studio Solution File, Format Version 12.00
# Visual Studio Version 17
VisualStudioVersion = 17.5.002.0
MinimumVisualStudioVersion = 10.0.40219.1
Project("{9A19103F-16F7-4668-BE54-9A1E7A4F7556}") = "DoadorDeSangue", "DoadorDeSangue.csproj", "{C18123BE-B2BA-4FA6-8EB5-3355BC3B64DF}"
EndProject
Global
	GlobalSection(SolutionConfigurationPlatforms) = preSolution
		Debug|Any CPU = Debug|Any CPU
		Release|Any CPU = Release|Any CPU
	EndGlobalSection
	GlobalSection(ProjectConfigurationPlatforms) = postSolution
		{C18123BE-B2BA-4FA6-8EB5-3355BC3B64DF}.Debug|Any CPU.ActiveCfg = Debug|Any CPU
		{C18123BE-B2BA-4FA6-8EB5-3355BC3B64DF}.Debug|Any CPU.Build.0 = Debug|Any CPU
		{C18123BE-B2BA-4FA6-8EB5-3355BC3B64DF}.Release|Any CPU.ActiveCfg = Release|Any CPU
		{C18123BE-B2BA-4FA6-8EB5-3355BC3B64DF}.Release|Any CPU.Build.0 = Release|Any CPU
	EndGlobalSection
	GlobalSection(SolutionProperties) = preSolution
		HideSolutionNode = FALSE
	EndGlobalSection
	GlobalSection(ExtensibilityGlobals) = postSolution
		SolutionGuid = {6685A57A-59EB-4E51-A325-50AC996F433B}
	EndGlobalSection
EndGlobal
